
Microsoft Visual Studio Solution File, Format Version 12.00
# Visual Studio Version 16
VisualStudioVersion = 16.0.31829.152
MinimumVisualStudioVersion = 10.0.40219.1
Project("{FAE04EC0-301F-11D3-BF4B-00C04F79EFBC}") = "20Tsk", "20Tsk\20Tsk.csproj", "{D74715C6-2AC8-4110-9266-02311F582F81}"
EndProject
Global
	GlobalSection(SolutionConfigurationPlatforms) = preSolution
		Debug|Any CPU = Debug|Any CPU
		Release|Any CPU = Release|Any CPU
	EndGlobalSection
	GlobalSection(ProjectConfigurationPlatforms) = postSolution
		{D74715C6-2AC8-4110-9266-02311F582F81}.Debug|Any CPU.ActiveCfg = Debug|Any CPU
		{D74715C6-2AC8-4110-9266-02311F582F81}.Debug|Any CPU.Build.0 = Debug|Any CPU
		{D74715C6-2AC8-4110-9266-02311F582F81}.Release|Any CPU.ActiveCfg = Release|Any CPU
		{D74715C6-2AC8-4110-9266-02311F582F81}.Release|Any CPU.Build.0 = Release|Any CPU
	EndGlobalSection
	GlobalSection(SolutionProperties) = preSolution
		HideSolutionNode = FALSE
	EndGlobalSection
	GlobalSection(ExtensibilityGlobals) = postSolution
		SolutionGuid = {24B19016-5FC3-4A97-8AF7-017FD3D2DD9E}
	EndGlobalSection
EndGlobal
